
Microsoft Visual Studio Solution File, Format Version 12.00
# Visual Studio Version 16
VisualStudioVersion = 16.0.32929.386
MinimumVisualStudioVersion = 10.0.40219.1
Project("{FAE04EC0-301F-11D3-BF4B-00C04F79EFBC}") = "Bai 1", "Bai 1\Bai 1.csproj", "{69D83C89-46BD-4D75-9623-93A5219FD801}"
EndProject
Project("{FAE04EC0-301F-11D3-BF4B-00C04F79EFBC}") = "Bai 2", "Bai 2\Bai 2.csproj", "{14C6C41A-A312-45E4-93F8-E54557293FC2}"
EndProject
Project("{FAE04EC0-301F-11D3-BF4B-00C04F79EFBC}") = "Bai 3", "Bai 3\Bai 3.csproj", "{C03FA2BF-ABD8-49DD-A362-BFAA860C35EE}"
EndProject
Project("{FAE04EC0-301F-11D3-BF4B-00C04F79EFBC}") = "Bai 4", "Bai 4\Bai 4.csproj", "{2F3FA50F-F53F-46CD-AEA8-FA1FD34ABE47}"
EndProject
Global
	GlobalSection(SolutionConfigurationPlatforms) = preSolution
		Debug|Any CPU = Debug|Any CPU
		Release|Any CPU = Release|Any CPU
	EndGlobalSection
	GlobalSection(ProjectConfigurationPlatforms) = postSolution
		{69D83C89-46BD-4D75-9623-93A5219FD801}.Debug|Any CPU.ActiveCfg = Debug|Any CPU
		{69D83C89-46BD-4D75-9623-93A5219FD801}.Debug|Any CPU.Build.0 = Debug|Any CPU
		{69D83C89-46BD-4D75-9623-93A5219FD801}.Release|Any CPU.ActiveCfg = Release|Any CPU
		{69D83C89-46BD-4D75-9623-93A5219FD801}.Release|Any CPU.Build.0 = Release|Any CPU
		{14C6C41A-A312-45E4-93F8-E54557293FC2}.Debug|Any CPU.ActiveCfg = Debug|Any CPU
		{14C6C41A-A312-45E4-93F8-E54557293FC2}.Debug|Any CPU.Build.0 = Debug|Any CPU
		{14C6C41A-A312-45E4-93F8-E54557293FC2}.Release|Any CPU.ActiveCfg = Release|Any CPU
		{14C6C41A-A312-45E4-93F8-E54557293FC2}.Release|Any CPU.Build.0 = Release|Any CPU
		{C03FA2BF-ABD8-49DD-A362-BFAA860C35EE}.Debug|Any CPU.ActiveCfg = Debug|Any CPU
		{C03FA2BF-ABD8-49DD-A362-BFAA860C35EE}.Debug|Any CPU.Build.0 = Debug|Any CPU
		{C03FA2BF-ABD8-49DD-A362-BFAA860C35EE}.Release|Any CPU.ActiveCfg = Release|Any CPU
		{C03FA2BF-ABD8-49DD-A362-BFAA860C35EE}.Release|Any CPU.Build.0 = Release|Any CPU
		{2F3FA50F-F53F-46CD-AEA8-FA1FD34ABE47}.Debug|Any CPU.ActiveCfg = Debug|Any CPU
		{2F3FA50F-F53F-46CD-AEA8-FA1FD34ABE47}.Debug|Any CPU.Build.0 = Debug|Any CPU
		{2F3FA50F-F53F-46CD-AEA8-FA1FD34ABE47}.Release|Any CPU.ActiveCfg = Release|Any CPU
		{2F3FA50F-F53F-46CD-AEA8-FA1FD34ABE47}.Release|Any CPU.Build.0 = Release|Any CPU
	EndGlobalSection
	GlobalSection(SolutionProperties) = preSolution
		HideSolutionNode = FALSE
	EndGlobalSection
	GlobalSection(ExtensibilityGlobals) = postSolution
		SolutionGuid = {859BFA84-DD25-44B6-BEFD-B07826622DFF}
	EndGlobalSection
EndGlobal
